
Microsoft Visual Studio Solution File, Format Version 12.00
# Visual Studio Version 16
VisualStudioVersion = 16.0.31702.278
MinimumVisualStudioVersion = 10.0.40219.1
Project("{9A19103F-16F7-4668-BE54-9A1E7A4F7556}") = "ArmandAlbertynPartOnePoe", "ArmandAlbertynPartOnePoe\ArmandAlbertynPartOnePoe.csproj", "{E9B16B4D-B2ED-4ADF-AD70-4D29585E274D}"
EndProject
Global
	GlobalSection(SolutionConfigurationPlatforms) = preSolution
		Debug|Any CPU = Debug|Any CPU
		Release|Any CPU = Release|Any CPU
	EndGlobalSection
	GlobalSection(ProjectConfigurationPlatforms) = postSolution
		{E9B16B4D-B2ED-4ADF-AD70-4D29585E274D}.Debug|Any CPU.ActiveCfg = Debug|Any CPU
		{E9B16B4D-B2ED-4ADF-AD70-4D29585E274D}.Debug|Any CPU.Build.0 = Debug|Any CPU
		{E9B16B4D-B2ED-4ADF-AD70-4D29585E274D}.Release|Any CPU.ActiveCfg = Release|Any CPU
		{E9B16B4D-B2ED-4ADF-AD70-4D29585E274D}.Release|Any CPU.Build.0 = Release|Any CPU
	EndGlobalSection
	GlobalSection(SolutionProperties) = preSolution
		HideSolutionNode = FALSE
	EndGlobalSection
	GlobalSection(ExtensibilityGlobals) = postSolution
		SolutionGuid = {5B993485-D9F0-4961-84A7-8A03A2D8A28F}
	EndGlobalSection
EndGlobal
